
Microsoft Visual Studio Solution File, Format Version 12.00
# Visual Studio Version 17
VisualStudioVersion = 17.6.33829.357
MinimumVisualStudioVersion = 10.0.40219.1
Project("{FAE04EC0-301F-11D3-BF4B-00C04F79EFBC}") = "GeometricShapeLib", "GeometricShapeLib.csproj", "{EB0A10F2-62C0-41C4-AD51-3E4E3D87D198}"
EndProject
Project("{FAE04EC0-301F-11D3-BF4B-00C04F79EFBC}") = "SquareLibTest", "..\SquareLibTest\SquareLibTest.csproj", "{7088B683-BA5C-4A6C-9641-3CCEB248AD1E}"
EndProject
Global
	GlobalSection(SolutionConfigurationPlatforms) = preSolution
		Debug|Any CPU = Debug|Any CPU
		Release|Any CPU = Release|Any CPU
	EndGlobalSection
	GlobalSection(ProjectConfigurationPlatforms) = postSolution
		{EB0A10F2-62C0-41C4-AD51-3E4E3D87D198}.Debug|Any CPU.ActiveCfg = Debug|Any CPU
		{EB0A10F2-62C0-41C4-AD51-3E4E3D87D198}.Debug|Any CPU.Build.0 = Debug|Any CPU
		{EB0A10F2-62C0-41C4-AD51-3E4E3D87D198}.Release|Any CPU.ActiveCfg = Release|Any CPU
		{EB0A10F2-62C0-41C4-AD51-3E4E3D87D198}.Release|Any CPU.Build.0 = Release|Any CPU
		{7088B683-BA5C-4A6C-9641-3CCEB248AD1E}.Debug|Any CPU.ActiveCfg = Debug|Any CPU
		{7088B683-BA5C-4A6C-9641-3CCEB248AD1E}.Debug|Any CPU.Build.0 = Debug|Any CPU
		{7088B683-BA5C-4A6C-9641-3CCEB248AD1E}.Release|Any CPU.ActiveCfg = Release|Any CPU
		{7088B683-BA5C-4A6C-9641-3CCEB248AD1E}.Release|Any CPU.Build.0 = Release|Any CPU
	EndGlobalSection
	GlobalSection(SolutionProperties) = preSolution
		HideSolutionNode = FALSE
	EndGlobalSection
	GlobalSection(ExtensibilityGlobals) = postSolution
		SolutionGuid = {F17BE4D0-0C78-4C7A-BBCD-D456276E88F7}
	EndGlobalSection
EndGlobal
